
Microsoft Visual Studio Solution File, Format Version 12.00
# Visual Studio Version 16
VisualStudioVersion = 16.0.30523.141
MinimumVisualStudioVersion = 10.0.40219.1
Project("{8BC9CEB8-8B4A-11D0-8D11-00A0C91BC942}") = "make_test", "make_test\make_test.vcxproj", "{1CB6DA65-A082-4369-8AE5-1BC385A47A36}"
EndProject
Global
	GlobalSection(SolutionConfigurationPlatforms) = preSolution
		Debug|x64 = Debug|x64
		Debug|x86 = Debug|x86
		Release|x64 = Release|x64
		Release|x86 = Release|x86
	EndGlobalSection
	GlobalSection(ProjectConfigurationPlatforms) = postSolution
		{1CB6DA65-A082-4369-8AE5-1BC385A47A36}.Debug|x64.ActiveCfg = Debug|x64
		{1CB6DA65-A082-4369-8AE5-1BC385A47A36}.Debug|x64.Build.0 = Debug|x64
		{1CB6DA65-A082-4369-8AE5-1BC385A47A36}.Debug|x86.ActiveCfg = Debug|Win32
		{1CB6DA65-A082-4369-8AE5-1BC385A47A36}.Debug|x86.Build.0 = Debug|Win32
		{1CB6DA65-A082-4369-8AE5-1BC385A47A36}.Release|x64.ActiveCfg = Release|x64
		{1CB6DA65-A082-4369-8AE5-1BC385A47A36}.Release|x64.Build.0 = Release|x64
		{1CB6DA65-A082-4369-8AE5-1BC385A47A36}.Release|x86.ActiveCfg = Release|Win32
		{1CB6DA65-A082-4369-8AE5-1BC385A47A36}.Release|x86.Build.0 = Release|Win32
	EndGlobalSection
	GlobalSection(SolutionProperties) = preSolution
		HideSolutionNode = FALSE
	EndGlobalSection
	GlobalSection(ExtensibilityGlobals) = postSolution
		SolutionGuid = {E22482F6-903C-4618-9133-7A84A9CB158F}
	EndGlobalSection
EndGlobal
